
Microsoft Visual Studio Solution File, Format Version 12.00
# Visual Studio Version 17
VisualStudioVersion = 17.13.35919.96 d17.13
MinimumVisualStudioVersion = 10.0.40219.1
Project("{FAE04EC0-301F-11D3-BF4B-00C04F79EFBC}") = "ZToolClone", "ZToolClone.csproj", "{C460CEA4-6FF6-4687-8734-0502D47EAA26}"
EndProject
Global
	GlobalSection(SolutionConfigurationPlatforms) = preSolution
		Debug|Any CPU = Debug|Any CPU
		Release|Any CPU = Release|Any CPU
	EndGlobalSection
	GlobalSection(ProjectConfigurationPlatforms) = postSolution
		{C460CEA4-6FF6-4687-8734-0502D47EAA26}.Debug|Any CPU.ActiveCfg = Debug|Any CPU
		{C460CEA4-6FF6-4687-8734-0502D47EAA26}.Debug|Any CPU.Build.0 = Debug|Any CPU
		{C460CEA4-6FF6-4687-8734-0502D47EAA26}.Release|Any CPU.ActiveCfg = Release|Any CPU
		{C460CEA4-6FF6-4687-8734-0502D47EAA26}.Release|Any CPU.Build.0 = Release|Any CPU
	EndGlobalSection
	GlobalSection(SolutionProperties) = preSolution
		HideSolutionNode = FALSE
	EndGlobalSection
	GlobalSection(ExtensibilityGlobals) = postSolution
		SolutionGuid = {118C6C63-AF66-4D5E-94B0-EBFE87E0ACA6}
	EndGlobalSection
EndGlobal
